{
  "version": 4,
  "terraform_version": "1.9.4",
  "serial": 9,
  "lineage": "ad561a63-a7ef-c8da-bac9-d399f72d0cd6",
  "outputs": {
    "public_ip_address": {
      "value": "52.157.80.112",
      "type": "string"
    },
    "resource_group_name": {
      "value": "rg-ayo",
      "type": "string"
    },
    "subnet_name": {
      "value": "subnet-ayo",
      "type": "string"
    },
    "vm_name": {
      "value": "vm-ayo",
      "type": "string"
    },
    "vnet_name": {
      "value": "vnet-ayo",
      "type": "string"
    }
  },
  "resources": [
    {
      "mode": "managed",
      "type": "azurerm_linux_virtual_machine",
      "name": "vm",
      "provider": "provider[\"registry.terraform.io/hashicorp/azurerm\"]",
      "instances": [
        {
          "schema_version": 0,
          "attributes": {
            "additional_capabilities": [],
            "admin_password": null,
            "admin_ssh_key": [
              {
                "public_key": "ssh-rsa AAAAB3NzaC1yc2EAAAADAQABAAACAQDHxr9TIZ6Za2tJI63LzHRfNTou7onRkjApIcNIh90yMOlpvRDdTfZvM3r6WaSHiTkiWu7HJlrW13ylbkXAMOIRrnFmRbP933rrgD49w/L/1F1FuU+WFyjqIkVer7cnI0uXD84C55x/kTGukhMqdsk6iXahcKwacNWsNlVWuKPCVodz+yyA4kXnNuwOKOd4+JnA6aeWRP2WtKIbR3tIbfhTcrUVQvyh34vDnJb0+Cp6hKKYYMIHiL9AaPIxMnL2Xkz7ujFltMVHrmU3/TU8ucF45ETRhhYtL/rCNTQ+BP4HGyGHzrJPyAMcP/jgUwkuIGzxvwDbT1pztyE0rZ5T4K9LqBzhf7dTvproRD7MfXFdpM1W7caG8E1jiOHpAeujjwxrd9YwyGZm0aO2SvRhQ7J0+14OkUpm3uN5p30Bz5hAMwv9qYT2z5XjRiL+1s29ourASbiP3Anqe2asnAEDBxbHWtCn+rI3Asp5U0EY+C2ZlSWseRXYf1GBH9nd8I6DXEuNqRE+r7TLJMK/13mxQYJN8ocdi8Ea2CLHF2U+nJSoaynKmrmshmJPtp3icAb2aBiOWjjLPLB15UMvE6ENjjtQKdmRiiLNewPxnWi5hcJLEmneOjOXKSQ7KjUCDyh8UXO6UPoXHsunXMBaKXFQnr8TvmLav2MBAaM9n9rwT9ul7Q== user@DESKTOP-90ICI9K\r\n",
                "username": "azureuser"
              }
            ],
            "admin_username": "azureuser",
            "allow_extension_operations": true,
            "availability_set_id": "",
            "boot_diagnostics": [],
            "bypass_platform_safety_checks_on_user_schedule_enabled": false,
            "capacity_reservation_group_id": "",
            "computer_name": "vm-ayo",
            "custom_data": null,
            "dedicated_host_group_id": "",
            "dedicated_host_id": "",
            "disable_password_authentication": true,
            "disk_controller_type": "",
            "edge_zone": "",
            "encryption_at_host_enabled": false,
            "eviction_policy": "",
            "extensions_time_budget": "PT1H30M",
            "gallery_application": [],
            "id": "/subscriptions/51eee77d-543a-442b-96b6-f57ecc168071/resourceGroups/rg-ayo/providers/Microsoft.Compute/virtualMachines/vm-ayo",
            "identity": [],
            "license_type": "",
            "location": "westeurope",
            "max_bid_price": -1,
            "name": "vm-ayo",
            "network_interface_ids": [
              "/subscriptions/51eee77d-543a-442b-96b6-f57ecc168071/resourceGroups/rg-ayo/providers/Microsoft.Network/networkInterfaces/nic-ayo"
            ],
            "os_disk": [
              {
                "caching": "ReadWrite",
                "diff_disk_settings": [],
                "disk_encryption_set_id": "",
                "disk_size_gb": 30,
                "id": "/subscriptions/51eee77d-543a-442b-96b6-f57ecc168071/resourceGroups/rg-ayo/providers/Microsoft.Compute/disks/vm-ayo_OsDisk_1_4bc80b99db92459d974ec02025f08498",
                "name": "vm-ayo_OsDisk_1_4bc80b99db92459d974ec02025f08498",
                "secure_vm_disk_encryption_set_id": "",
                "security_encryption_type": "",
                "storage_account_type": "Standard_LRS",
                "write_accelerator_enabled": false
              }
            ],
            "os_image_notification": [],
            "os_managed_disk_id": "/subscriptions/51eee77d-543a-442b-96b6-f57ecc168071/resourceGroups/rg-ayo/providers/Microsoft.Compute/disks/vm-ayo_OsDisk_1_4bc80b99db92459d974ec02025f08498",
            "patch_assessment_mode": "ImageDefault",
            "patch_mode": "ImageDefault",
            "plan": [],
            "platform_fault_domain": -1,
            "priority": "Regular",
            "private_ip_address": "10.0.1.4",
            "private_ip_addresses": [
              "10.0.1.4"
            ],
            "provision_vm_agent": true,
            "proximity_placement_group_id": "",
            "public_ip_address": "52.157.80.112",
            "public_ip_addresses": [
              "52.157.80.112"
            ],
            "reboot_setting": "",
            "resource_group_name": "rg-ayo",
            "secret": [],
            "secure_boot_enabled": false,
            "size": "Standard_D2s_v3",
            "source_image_id": "",
            "source_image_reference": [
              {
                "offer": "0001-com-ubuntu-server-jammy",
                "publisher": "Canonical",
                "sku": "22_04-lts",
                "version": "latest"
              }
            ],
            "tags": null,
            "termination_notification": null,
            "timeouts": null,
            "user_data": "",
            "virtual_machine_id": "eb948c15-7bb0-4ba6-9f50-455da78fe831",
            "virtual_machine_scale_set_id": "",
            "vm_agent_platform_updates_enabled": false,
            "vtpm_enabled": false,
            "zone": ""
          },
          "sensitive_attributes": [
            [
              {
                "type": "get_attr",
                "value": "custom_data"
              }
            ],
            [
              {
                "type": "get_attr",
                "value": "admin_password"
              }
            ]
          ],
          "private": "eyJlMmJmYjczMC1lY2FhLTExZTYtOGY4OC0zNDM2M2JjN2M0YzAiOnsiY3JlYXRlIjoyNzAwMDAwMDAwMDAwLCJkZWxldGUiOjI3MDAwMDAwMDAwMDAsInJlYWQiOjMwMDAwMDAwMDAwMCwidXBkYXRlIjoyNzAwMDAwMDAwMDAwfX0=",
          "dependencies": [
            "azurerm_network_interface.nic",
            "azurerm_public_ip.pip",
            "azurerm_resource_group.rg",
            "azurerm_subnet.subnet",
            "azurerm_virtual_network.vnet"
          ]
        }
      ]
    },
    {
      "mode": "managed",
      "type": "azurerm_network_interface",
      "name": "nic",
      "provider": "provider[\"registry.terraform.io/hashicorp/azurerm\"]",
      "instances": [
        {
          "schema_version": 0,
          "attributes": {
            "accelerated_networking_enabled": false,
            "applied_dns_servers": [],
            "auxiliary_mode": "",
            "auxiliary_sku": "",
            "dns_servers": [],
            "edge_zone": "",
            "id": "/subscriptions/51eee77d-543a-442b-96b6-f57ecc168071/resourceGroups/rg-ayo/providers/Microsoft.Network/networkInterfaces/nic-ayo",
            "internal_dns_name_label": "",
            "internal_domain_name_suffix": "cv5f5xbzepkubiz0sthffjdltb.ax.internal.cloudapp.net",
            "ip_configuration": [
              {
                "gateway_load_balancer_frontend_ip_configuration_id": "",
                "name": "internal",
                "primary": true,
                "private_ip_address": "10.0.1.4",
                "private_ip_address_allocation": "Dynamic",
                "private_ip_address_version": "IPv4",
                "public_ip_address_id": "/subscriptions/51eee77d-543a-442b-96b6-f57ecc168071/resourceGroups/rg-ayo/providers/Microsoft.Network/publicIPAddresses/pip-ayo",
                "subnet_id": "/subscriptions/51eee77d-543a-442b-96b6-f57ecc168071/resourceGroups/rg-ayo/providers/Microsoft.Network/virtualNetworks/vnet-ayo/subnets/subnet-ayo"
              }
            ],
            "ip_forwarding_enabled": false,
            "location": "westeurope",
            "mac_address": "",
            "name": "nic-ayo",
            "private_ip_address": "10.0.1.4",
            "private_ip_addresses": [
              "10.0.1.4"
            ],
            "resource_group_name": "rg-ayo",
            "tags": {},
            "timeouts": null,
            "virtual_machine_id": ""
          },
          "sensitive_attributes": [],
          "private": "eyJlMmJmYjczMC1lY2FhLTExZTYtOGY4OC0zNDM2M2JjN2M0YzAiOnsiY3JlYXRlIjoxODAwMDAwMDAwMDAwLCJkZWxldGUiOjE4MDAwMDAwMDAwMDAsInJlYWQiOjMwMDAwMDAwMDAwMCwidXBkYXRlIjoxODAwMDAwMDAwMDAwfX0=",
          "dependencies": [
            "azurerm_public_ip.pip",
            "azurerm_resource_group.rg",
            "azurerm_subnet.subnet",
            "azurerm_virtual_network.vnet"
          ]
        }
      ]
    },
    {
      "mode": "managed",
      "type": "azurerm_public_ip",
      "name": "pip",
      "provider": "provider[\"registry.terraform.io/hashicorp/azurerm\"]",
      "instances": [
        {
          "schema_version": 0,
          "attributes": {
            "allocation_method": "Static",
            "ddos_protection_mode": "VirtualNetworkInherited",
            "ddos_protection_plan_id": null,
            "domain_name_label": "",
            "domain_name_label_scope": "",
            "edge_zone": "",
            "fqdn": "",
            "id": "/subscriptions/51eee77d-543a-442b-96b6-f57ecc168071/resourceGroups/rg-ayo/providers/Microsoft.Network/publicIPAddresses/pip-ayo",
            "idle_timeout_in_minutes": 4,
            "ip_address": "52.157.80.112",
            "ip_tags": {},
            "ip_version": "IPv4",
            "location": "westeurope",
            "name": "pip-ayo",
            "public_ip_prefix_id": null,
            "resource_group_name": "rg-ayo",
            "reverse_fqdn": "",
            "sku": "Standard",
            "sku_tier": "Regional",
            "tags": {},
            "timeouts": null,
            "zones": []
          },
          "sensitive_attributes": [],
          "private": "eyJlMmJmYjczMC1lY2FhLTExZTYtOGY4OC0zNDM2M2JjN2M0YzAiOnsiY3JlYXRlIjoxODAwMDAwMDAwMDAwLCJkZWxldGUiOjE4MDAwMDAwMDAwMDAsInJlYWQiOjMwMDAwMDAwMDAwMCwidXBkYXRlIjoxODAwMDAwMDAwMDAwfX0=",
          "dependencies": [
            "azurerm_resource_group.rg"
          ]
        }
      ]
    },
    {
      "mode": "managed",
      "type": "azurerm_resource_group",
      "name": "rg",
      "provider": "provider[\"registry.terraform.io/hashicorp/azurerm\"]",
      "instances": [
        {
          "schema_version": 0,
          "attributes": {
            "id": "/subscriptions/51eee77d-543a-442b-96b6-f57ecc168071/resourceGroups/rg-ayo",
            "location": "westeurope",
            "managed_by": "",
            "name": "rg-ayo",
            "tags": {},
            "timeouts": null
          },
          "sensitive_attributes": [],
          "private": "eyJlMmJmYjczMC1lY2FhLTExZTYtOGY4OC0zNDM2M2JjN2M0YzAiOnsiY3JlYXRlIjo1NDAwMDAwMDAwMDAwLCJkZWxldGUiOjU0MDAwMDAwMDAwMDAsInJlYWQiOjMwMDAwMDAwMDAwMCwidXBkYXRlIjo1NDAwMDAwMDAwMDAwfX0="
        }
      ]
    },
    {
      "mode": "managed",
      "type": "azurerm_subnet",
      "name": "subnet",
      "provider": "provider[\"registry.terraform.io/hashicorp/azurerm\"]",
      "instances": [
        {
          "schema_version": 0,
          "attributes": {
            "address_prefixes": [
              "10.0.1.0/24"
            ],
            "default_outbound_access_enabled": true,
            "delegation": [],
            "id": "/subscriptions/51eee77d-543a-442b-96b6-f57ecc168071/resourceGroups/rg-ayo/providers/Microsoft.Network/virtualNetworks/vnet-ayo/subnets/subnet-ayo",
            "ip_address_pool": [],
            "name": "subnet-ayo",
            "private_endpoint_network_policies": "Disabled",
            "private_link_service_network_policies_enabled": true,
            "resource_group_name": "rg-ayo",
            "service_endpoint_policy_ids": [],
            "service_endpoints": [],
            "sharing_scope": "",
            "timeouts": null,
            "virtual_network_name": "vnet-ayo"
          },
          "sensitive_attributes": [],
          "private": "eyJlMmJmYjczMC1lY2FhLTExZTYtOGY4OC0zNDM2M2JjN2M0YzAiOnsiY3JlYXRlIjoxODAwMDAwMDAwMDAwLCJkZWxldGUiOjE4MDAwMDAwMDAwMDAsInJlYWQiOjMwMDAwMDAwMDAwMCwidXBkYXRlIjoxODAwMDAwMDAwMDAwfX0=",
          "dependencies": [
            "azurerm_resource_group.rg",
            "azurerm_virtual_network.vnet"
          ]
        }
      ]
    },
    {
      "mode": "managed",
      "type": "azurerm_virtual_network",
      "name": "vnet",
      "provider": "provider[\"registry.terraform.io/hashicorp/azurerm\"]",
      "instances": [
        {
          "schema_version": 0,
          "attributes": {
            "address_space": [
              "10.0.0.0/16"
            ],
            "bgp_community": "",
            "ddos_protection_plan": [],
            "dns_servers": [],
            "edge_zone": "",
            "encryption": [],
            "flow_timeout_in_minutes": 0,
            "guid": "dc5f7e15-2339-40d5-a33a-94ce52a46b99",
            "id": "/subscriptions/51eee77d-543a-442b-96b6-f57ecc168071/resourceGroups/rg-ayo/providers/Microsoft.Network/virtualNetworks/vnet-ayo",
            "ip_address_pool": [],
            "location": "westeurope",
            "name": "vnet-ayo",
            "private_endpoint_vnet_policies": "Disabled",
            "resource_group_name": "rg-ayo",
            "subnet": [
              {
                "address_prefixes": [
                  "10.0.1.0/24"
                ],
                "default_outbound_access_enabled": true,
                "delegation": [],
                "id": "/subscriptions/51eee77d-543a-442b-96b6-f57ecc168071/resourceGroups/rg-ayo/providers/Microsoft.Network/virtualNetworks/vnet-ayo/subnets/subnet-ayo",
                "name": "subnet-ayo",
                "private_endpoint_network_policies": "Disabled",
                "private_link_service_network_policies_enabled": true,
                "route_table_id": "",
                "security_group": "",
                "service_endpoint_policy_ids": [],
                "service_endpoints": []
              }
            ],
            "tags": {},
            "timeouts": null
          },
          "sensitive_attributes": [],
          "private": "eyJlMmJmYjczMC1lY2FhLTExZTYtOGY4OC0zNDM2M2JjN2M0YzAiOnsiY3JlYXRlIjoxODAwMDAwMDAwMDAwLCJkZWxldGUiOjE4MDAwMDAwMDAwMDAsInJlYWQiOjMwMDAwMDAwMDAwMCwidXBkYXRlIjoxODAwMDAwMDAwMDAwfX0=",
          "dependencies": [
            "azurerm_resource_group.rg"
          ]
        }
      ]
    }
  ],
  "check_results": null
}
